{
  "name": "meteor-vue-element-ui",
  "requires": true,
  "lockfileVersion": 1,
  "dependencies": {
    "@babel/runtime": {
      "version": "7.16.7",
      "resolved": "https://registry.npmjs.org/@babel/runtime/-/runtime-7.16.7.tgz",
      "integrity": "sha512-9E9FJowqAsytyOY6LG+1KuueckRL+aQW+mKvXRXnuFGyRAyepJPmEo9vgMfXUA6O9u3IeEdv9MAkppFcaQwogQ==",
      "requires": {
        "regenerator-runtime": "^0.13.4"
      }
    },
    "@editorjs/delimiter": {
      "version": "1.2.0",
      "resolved": "https://registry.npmjs.org/@editorjs/delimiter/-/delimiter-1.2.0.tgz",
      "integrity": "sha512-GKsCFPk85vH5FuCuVQ48NTLc9hk0T3DsBH9zABaicTYIJayFcUa8N4/Y+L3i4tduzDqqyvoxkv+5n43GmC5gEA=="
    },
    "@editorjs/editorjs": {
      "version": "2.22.2",
      "resolved": "https://registry.npmjs.org/@editorjs/editorjs/-/editorjs-2.22.2.tgz",
      "integrity": "sha512-rPCv7Z5LZebreQaaL4DZuWzoVGEqwB+P7BF1dsefGQNBmLyeLF412topeW2b6e+g4l1oQ7t75kCOACNTEyYYIA==",
      "requires": {
        "codex-notifier": "^1.1.2",
        "codex-tooltip": "^1.0.2",
        "nanoid": "^3.1.22"
      }
    },
    "@editorjs/header": {
      "version": "2.6.2",
      "resolved": "https://registry.npmjs.org/@editorjs/header/-/header-2.6.2.tgz",
      "integrity": "sha512-U1dnT+KGjwFmpWneEEyR2Nqp42hn9iKwQDgRHWQM+y6qx82pg+eAyuIf0QWt2Mluu9uPD2CzNfvJ+pxIuwX8Lw=="
    },
    "@editorjs/marker": {
      "version": "1.2.2",
      "resolved": "https://registry.npmjs.org/@editorjs/marker/-/marker-1.2.2.tgz",
      "integrity": "sha512-BN/IHbVKKahGnMAiBOV5U7XUjfF6JkIkTZ6qNLxtTr7PUPM8UsJV8G8pyll9CX+XRUYYZyokA2kEBHTS4vUyyw=="
    },
    "@editorjs/paragraph": {
      "version": "2.8.0",
      "resolved": "https://registry.npmjs.org/@editorjs/paragraph/-/paragraph-2.8.0.tgz",
      "integrity": "sha512-z6w5ZR0ru3p/IjxJW/tb7OcSnVttkZukQMIsnBMX1FIKc1BNdr7NwM1YoCyTl4OnC90YfL0xgES6/20/W267pw=="
    },
    "@editorjs/quote": {
      "version": "2.4.0",
      "resolved": "https://registry.npmjs.org/@editorjs/quote/-/quote-2.4.0.tgz",
      "integrity": "sha512-IWOBWjL2ngPP63GcIAltyD9kc7OVZFma4kS+T5JRHvKKDspYsnmrxsbRmCPc+coZQzqPxXHkiOZuNMdmGX/Y3w=="
    },
    "@editorjs/warning": {
      "version": "1.2.0",
      "resolved": "https://registry.npmjs.org/@editorjs/warning/-/warning-1.2.0.tgz",
      "integrity": "sha512-CMIsB+b8Ti8/duOzYfKn1upFEEMxj821RDyBbDx8iku4DRql524VnAErvd00sYnFpKKbXNOF4oQnBo/7bDIzPQ=="
    },
    "@turf/bbox": {
      "version": "6.5.0",
      "resolved": "https://registry.npmjs.org/@turf/bbox/-/bbox-6.5.0.tgz",
      "integrity": "sha512-RBbLaao5hXTYyyg577iuMtDB8ehxMlUqHEJiMs8jT1GHkFhr6sYre3lmLsPeYEi/ZKj5TP5tt7fkzNdJ4GIVyw==",
      "requires": {
        "@turf/helpers": "^6.5.0",
        "@turf/meta": "^6.5.0"
      }
    },
    "@turf/boolean-crosses": {
      "version": "6.5.0",
      "resolved": "https://registry.npmjs.org/@turf/boolean-crosses/-/boolean-crosses-6.5.0.tgz",
      "integrity": "sha512-gvshbTPhAHporTlQwBJqyfW+2yV8q/mOTxG6PzRVl6ARsqNoqYQWkd4MLug7OmAqVyBzLK3201uAeBjxbGw0Ng==",
      "requires": {
        "@turf/boolean-point-in-polygon": "^6.5.0",
        "@turf/helpers": "^6.5.0",
        "@turf/invariant": "^6.5.0",
        "@turf/line-intersect": "^6.5.0",
        "@turf/polygon-to-line": "^6.5.0"
      }
    },
    "@turf/boolean-point-in-polygon": {
      "version": "6.5.0",
      "resolved": "https://registry.npmjs.org/@turf/boolean-point-in-polygon/-/boolean-point-in-polygon-6.5.0.tgz",
      "integrity": "sha512-DtSuVFB26SI+hj0SjrvXowGTUCHlgevPAIsukssW6BG5MlNSBQAo70wpICBNJL6RjukXg8d2eXaAWuD/CqL00A==",
      "requires": {
        "@turf/helpers": "^6.5.0",
        "@turf/invariant": "^6.5.0"
      }
    },
    "@turf/boolean-point-on-line": {
      "version": "6.5.0",
      "resolved": "https://registry.npmjs.org/@turf/boolean-point-on-line/-/boolean-point-on-line-6.5.0.tgz",
      "integrity": "sha512-A1BbuQ0LceLHvq7F/P7w3QvfpmZqbmViIUPHdNLvZimFNLo4e6IQunmzbe+8aSStH9QRZm3VOflyvNeXvvpZEQ==",
      "requires": {
        "@turf/helpers": "^6.5.0",
        "@turf/invariant": "^6.5.0"
      }
    },
    "@turf/boolean-within": {
      "version": "6.5.0",
      "resolved": "https://registry.npmjs.org/@turf/boolean-within/-/boolean-within-6.5.0.tgz",
      "integrity": "sha512-YQB3oU18Inx35C/LU930D36RAVe7LDXk1kWsQ8mLmuqYn9YdPsDQTMTkLJMhoQ8EbN7QTdy333xRQ4MYgToteQ==",
      "requires": {
        "@turf/bbox": "^6.5.0",
        "@turf/boolean-point-in-polygon": "^6.5.0",
        "@turf/boolean-point-on-line": "^6.5.0",
        "@turf/helpers": "^6.5.0",
        "@turf/invariant": "^6.5.0"
      }
    },
    "@turf/helpers": {
      "version": "6.5.0",
      "resolved": "https://registry.npmjs.org/@turf/helpers/-/helpers-6.5.0.tgz",
      "integrity": "sha512-VbI1dV5bLFzohYYdgqwikdMVpe7pJ9X3E+dlr425wa2/sMJqYDhTO++ec38/pcPvPE6oD9WEEeU3Xu3gza+VPw=="
    },
    "@turf/intersect": {
      "version": "6.5.0",
      "resolved": "https://registry.npmjs.org/@turf/intersect/-/intersect-6.5.0.tgz",
      "integrity": "sha512-2legGJeKrfFkzntcd4GouPugoqPUjexPZnOvfez+3SfIMrHvulw8qV8u7pfVyn2Yqs53yoVCEjS5sEpvQ5YRQg==",
      "requires": {
        "@turf/helpers": "^6.5.0",
        "@turf/invariant": "^6.5.0",
        "polygon-clipping": "^0.15.3"
      }
    },
    "@turf/invariant": {
      "version": "6.5.0",
      "resolved": "https://registry.npmjs.org/@turf/invariant/-/invariant-6.5.0.tgz",
      "integrity": "sha512-Wv8PRNCtPD31UVbdJE/KVAWKe7l6US+lJItRR/HOEW3eh+U/JwRCSUl/KZ7bmjM/C+zLNoreM2TU6OoLACs4eg==",
      "requires": {
        "@turf/helpers": "^6.5.0"
      }
    },
    "@turf/line-intersect": {
      "version": "6.5.0",
      "resolved": "https://registry.npmjs.org/@turf/line-intersect/-/line-intersect-6.5.0.tgz",
      "integrity": "sha512-CS6R1tZvVQD390G9Ea4pmpM6mJGPWoL82jD46y0q1KSor9s6HupMIo1kY4Ny+AEYQl9jd21V3Scz20eldpbTVA==",
      "requires": {
        "@turf/helpers": "^6.5.0",
        "@turf/invariant": "^6.5.0",
        "@turf/line-segment": "^6.5.0",
        "@turf/meta": "^6.5.0",
        "geojson-rbush": "3.x"
      }
    },
    "@turf/line-segment": {
      "version": "6.5.0",
      "resolved": "https://registry.npmjs.org/@turf/line-segment/-/line-segment-6.5.0.tgz",
      "integrity": "sha512-jI625Ho4jSuJESNq66Mmi290ZJ5pPZiQZruPVpmHkUw257Pew0alMmb6YrqYNnLUuiVVONxAAKXUVeeUGtycfw==",
      "requires": {
        "@turf/helpers": "^6.5.0",
        "@turf/invariant": "^6.5.0",
        "@turf/meta": "^6.5.0"
      }
    },
    "@turf/meta": {
      "version": "6.5.0",
      "resolved": "https://registry.npmjs.org/@turf/meta/-/meta-6.5.0.tgz",
      "integrity": "sha512-RrArvtsV0vdsCBegoBtOalgdSOfkBrTJ07VkpiCnq/491W67hnMWmDu7e6Ztw0C3WldRYTXkg3SumfdzZxLBHA==",
      "requires": {
        "@turf/helpers": "^6.5.0"
      }
    },
    "@turf/polygon-to-line": {
      "version": "6.5.0",
      "resolved": "https://registry.npmjs.org/@turf/polygon-to-line/-/polygon-to-line-6.5.0.tgz",
      "integrity": "sha512-5p4n/ij97EIttAq+ewSnKt0ruvuM+LIDzuczSzuHTpq4oS7Oq8yqg5TQ4nzMVuK41r/tALCk7nAoBuw3Su4Gcw==",
      "requires": {
        "@turf/helpers": "^6.5.0",
        "@turf/invariant": "^6.5.0"
      }
    },
    "@types/geojson": {
      "version": "7946.0.8",
      "resolved": "https://registry.npmjs.org/@types/geojson/-/geojson-7946.0.8.tgz",
      "integrity": "sha512-1rkryxURpr6aWP7R786/UQOkJ3PcpQiWkAXBmdWc7ryFWqN6a4xfK7BtjXvFBKO9LjQ+MWQSWxYeZX1OApnArA=="
    },
    "async": {
      "version": "1.5.2",
      "resolved": "https://registry.npmjs.org/async/-/async-1.5.2.tgz",
      "integrity": "sha1-7GphrlZIDAw8skHJVhjiCJL5Zyo="
    },
    "async-validator": {
      "version": "1.8.5",
      "resolved": "https://registry.npmjs.org/async-validator/-/async-validator-1.8.5.tgz",
      "integrity": "sha512-tXBM+1m056MAX0E8TL2iCjg8WvSyXu0Zc8LNtYqrVeyoL3+esHRZ4SieE9fKQyyU09uONjnMEjrNBMqT0mbvmA==",
      "requires": {
        "babel-runtime": "6.x"
      }
    },
    "axios": {
      "version": "0.21.4",
      "resolved": "https://registry.npmjs.org/axios/-/axios-0.21.4.tgz",
      "integrity": "sha512-ut5vewkiu8jjGBdqpM44XxjuCjq9LAKeHVmoVfHVzy8eHgxxq8SbAVQNovDA8mVi05kP0Ea/n/UzcSHcTJQfNg==",
      "requires": {
        "follow-redirects": "^1.14.0"
      }
    },
    "babel-helper-vue-jsx-merge-props": {
      "version": "2.0.3",
      "resolved": "https://registry.npmjs.org/babel-helper-vue-jsx-merge-props/-/babel-helper-vue-jsx-merge-props-2.0.3.tgz",
      "integrity": "sha512-gsLiKK7Qrb7zYJNgiXKpXblxbV5ffSwR0f5whkPAaBAR4fhi6bwRZxX9wBlIc5M/v8CCkXUbXZL4N/nSE97cqg=="
    },
    "babel-runtime": {
      "version": "6.26.0",
      "resolved": "https://registry.npmjs.org/babel-runtime/-/babel-runtime-6.26.0.tgz",
      "integrity": "sha1-llxwWGaOgrVde/4E/yM3vItWR/4=",
      "requires": {
        "core-js": "^2.4.0",
        "regenerator-runtime": "^0.11.0"
      },
      "dependencies": {
        "regenerator-runtime": {
          "version": "0.11.1",
          "resolved": "https://registry.npmjs.org/regenerator-runtime/-/regenerator-runtime-0.11.1.tgz",
          "integrity": "sha512-MguG95oij0fC3QV3URf4V2SDYGJhJnJGqvIIgdECeODCT98wSWDAJ94SSuVpYQUoTcGUIL6L4yNB7j1DFFHSBg=="
        }
      }
    },
    "bowser": {
      "version": "0.7.3",
      "resolved": "https://registry.npmjs.org/bowser/-/bowser-0.7.3.tgz",
      "integrity": "sha1-T8DLTg4r3Zs5TfDSA4wywswnEsg="
    },
    "canvas-exif-orientation": {
      "version": "0.4.0",
      "resolved": "https://registry.npmjs.org/canvas-exif-orientation/-/canvas-exif-orientation-0.4.0.tgz",
      "integrity": "sha1-tIfzcBmYqeh56xBAELKlgRU2i2s="
    },
    "clipboard": {
      "version": "2.0.8",
      "resolved": "https://registry.npmjs.org/clipboard/-/clipboard-2.0.8.tgz",
      "integrity": "sha512-Y6WO0unAIQp5bLmk1zdThRhgJt/x3ks6f30s3oE3H1mgIEU33XyQjEf8gsf6DxC7NPX8Y1SsNWjUjL/ywLnnbQ==",
      "requires": {
        "good-listener": "^1.2.2",
        "select": "^1.1.2",
        "tiny-emitter": "^2.0.0"
      }
    },
    "codex-notifier": {
      "version": "1.1.2",
      "resolved": "https://registry.npmjs.org/codex-notifier/-/codex-notifier-1.1.2.tgz",
      "integrity": "sha512-DCp6xe/LGueJ1N5sXEwcBc3r3PyVkEEDNWCVigfvywAkeXcZMk9K41a31tkEFBW0Ptlwji6/JlAb49E3Yrxbtg=="
    },
    "codex-tooltip": {
      "version": "1.0.4",
      "resolved": "https://registry.npmjs.org/codex-tooltip/-/codex-tooltip-1.0.4.tgz",
      "integrity": "sha512-Ud+N+y8PMIa9xGyKuo2j3q8QlfTzkMWQ5KeRrbCDerwVn7xq45nqPKQCFBXEMV0YI42/OqSMnsxP8MyVAyVhnA=="
    },
    "core-js": {
      "version": "2.6.12",
      "resolved": "https://registry.npmjs.org/core-js/-/core-js-2.6.12.tgz",
      "integrity": "sha512-Kb2wC0fvsWfQrgk8HU5lW6U/Lcs8+9aaYcy4ZFc6DDlo4nZ7n70dEgE5rtR0oG6ufKDUnrwfWL1mXR5ljDatrQ=="
    },
    "deepmerge": {
      "version": "1.5.2",
      "resolved": "https://registry.npmjs.org/deepmerge/-/deepmerge-1.5.2.tgz",
      "integrity": "sha512-95k0GDqvBjZavkuvzx/YqVLv/6YYa17fz6ILMSf7neqQITCPbnfEnQvEgMPNjH4kgobe7+WIL0yJEHku+H3qtQ=="
    },
    "delegate": {
      "version": "3.2.0",
      "resolved": "https://registry.npmjs.org/delegate/-/delegate-3.2.0.tgz",
      "integrity": "sha512-IofjkYBZaZivn0V8nnsMJGBr4jVLxHDheKSW88PyxS5QC4Vo9ZbZVvhzlSxY87fVq3STR6r+4cGepyHkcWOQSw=="
    },
    "editorjs-alert": {
      "version": "1.0.3",
      "resolved": "https://registry.npmjs.org/editorjs-alert/-/editorjs-alert-1.0.3.tgz",
      "integrity": "sha512-YsKp0BBmswueE2zh0Lj2YflFA/9pvguHTSsy6uh00p3lattflW33ow4CSYD0JFe3y+TqqD8VoB/IlS7C9fKu0Q=="
    },
    "editorjs-header-with-anchor": {
      "version": "2.6.0",
      "resolved": "https://registry.npmjs.org/editorjs-header-with-anchor/-/editorjs-header-with-anchor-2.6.0.tgz",
      "integrity": "sha512-krI4GBxAJvgmS0R2RGnaN4QTDMuobu2Qcx1HZ5fJQohyIhEI4GD0uiOpVFZ7oFiDNRRvqn6e8lQin4W2rLOu9A=="
    },
    "editorjs-paragraph-with-alignment": {
      "version": "3.0.0",
      "resolved": "https://registry.npmjs.org/editorjs-paragraph-with-alignment/-/editorjs-paragraph-with-alignment-3.0.0.tgz",
      "integrity": "sha512-vSjjB/KUECEBxYqbj9yn1L799L14n0uoKrvk5qfaAokIHB8mYg5hZ8mOTtoS2cJu+xE3QZ/jmHY/Fh0EJeM8ZQ=="
    },
    "element-ui": {
      "version": "2.15.7",
      "resolved": "https://registry.npmjs.org/element-ui/-/element-ui-2.15.7.tgz",
      "integrity": "sha512-+J6rnXajxzLwV6w8Q6bf7Yqzk1FO1ewbIrCy/4B5alnd7tj8WEpfQoAvISirVaUGVGy77d9Ji3o2bF4f0AsJLQ==",
      "requires": {
        "async-validator": "~1.8.1",
        "babel-helper-vue-jsx-merge-props": "^2.0.0",
        "deepmerge": "^1.2.0",
        "normalize-wheel": "^1.0.1",
        "resize-observer-polyfill": "^1.5.0",
        "throttle-debounce": "^1.0.1"
      }
    },
    "follow-redirects": {
      "version": "1.14.6",
      "resolved": "https://registry.npmjs.org/follow-redirects/-/follow-redirects-1.14.6.tgz",
      "integrity": "sha512-fhUl5EwSJbbl8AR+uYL2KQDxLkdSjZGR36xy46AO7cOMTrCMON6Sa28FmAnC2tRTDbd/Uuzz3aJBv7EBN7JH8A=="
    },
    "geojson-rbush": {
      "version": "3.2.0",
      "resolved": "https://registry.npmjs.org/geojson-rbush/-/geojson-rbush-3.2.0.tgz",
      "integrity": "sha512-oVltQTXolxvsz1sZnutlSuLDEcQAKYC/uXt9zDzJJ6bu0W+baTI8LZBaTup5afzibEH4N3jlq2p+a152wlBJ7w==",
      "requires": {
        "@turf/bbox": "*",
        "@turf/helpers": "6.x",
        "@turf/meta": "6.x",
        "@types/geojson": "7946.0.8",
        "rbush": "^3.0.1"
      }
    },
    "good-listener": {
      "version": "1.2.2",
      "resolved": "https://registry.npmjs.org/good-listener/-/good-listener-1.2.2.tgz",
      "integrity": "sha1-1TswzfkxPf+33JoNR3CWqm0UXFA=",
      "requires": {
        "delegate": "^3.1.2"
      }
    },
    "idb-wrapper": {
      "version": "1.7.2",
      "resolved": "https://registry.npmjs.org/idb-wrapper/-/idb-wrapper-1.7.2.tgz",
      "integrity": "sha512-zfNREywMuf0NzDo9mVsL0yegjsirJxHpKHvWcyRozIqQy89g0a3U+oBPOCN4cc0oCiOuYgZHimzaW/R46G1Mpg=="
    },
    "jquery": {
      "version": "3.6.0",
      "resolved": "https://registry.npmjs.org/jquery/-/jquery-3.6.0.tgz",
      "integrity": "sha512-JVzAR/AjBvVt2BmYhxRCSYysDsPcssdmTFnzyLEts9qNwmjmu4JTAMYubEfwVOSwpQ1I1sKKFcxhZCI2buerfw=="
    },
    "js-sha1": {
      "version": "0.6.0",
      "resolved": "https://registry.npmjs.org/js-sha1/-/js-sha1-0.6.0.tgz",
      "integrity": "sha512-01gwBFreYydzmU9BmZxpVk6svJJHrVxEN3IOiGl6VO93bVKYETJ0sIth6DASI6mIFdt7NmfX9UiByRzsYHGU9w=="
    },
    "lodash": {
      "version": "4.17.21",
      "resolved": "https://registry.npmjs.org/lodash/-/lodash-4.17.21.tgz",
      "integrity": "sha512-v2kDEe57lecTulaDIuNTPy3Ry4gLGJ6Z1O3vE1krgXZNrsQ+LFTGHVxVjcXPs17LhbZVGedAJv8XZ1tvj5FvSg=="
    },
    "lodash.omit": {
      "version": "4.5.0",
      "resolved": "https://registry.npmjs.org/lodash.omit/-/lodash.omit-4.5.0.tgz",
      "integrity": "sha1-brGa5aHuHdnfC5aeZs4Lf6MLXmA="
    },
    "lourd-components": {
      "version": "0.2.17",
      "resolved": "https://registry.npmjs.org/lourd-components/-/lourd-components-0.2.17.tgz",
      "integrity": "sha512-oyakfmTZ0aIICs/yR5YQovakUh6z0I3b4X9/VZNI7Fnu7lTJ0DssDxAhOHTgA3NYYRF5ElzxV2uY6L+UwdkM4A==",
      "requires": {
        "@editorjs/delimiter": "^1.2.0",
        "@editorjs/editorjs": "^2.22.2",
        "@editorjs/header": "^2.6.1",
        "@editorjs/marker": "^1.2.2",
        "@editorjs/paragraph": "^2.8.0",
        "@editorjs/quote": "^2.4.0",
        "@editorjs/warning": "^1.2.0",
        "axios": "^0.21.3",
        "clipboard": "^2.0.8",
        "core-js": "^3.6.5",
        "editorjs-alert": "^1.0.3",
        "editorjs-header-with-anchor": "^2.6.0",
        "editorjs-paragraph-with-alignment": "^3.0.0",
        "element-ui": "^2.15.6",
        "minimongo": "^6.9.0",
        "monaco-markdown": "0.0.11",
        "ts-dedent": "^2.2.0",
        "vue": "^2.6.10",
        "vue-croppa": "^1.3.8",
        "vue-json-pretty": "^1.8.1",
        "vue-router": "^3.5.2"
      },
      "dependencies": {
        "core-js": {
          "version": "3.20.2",
          "resolved": "https://registry.npmjs.org/core-js/-/core-js-3.20.2.tgz",
          "integrity": "sha512-nuqhq11DcOAbFBV4zCbKeGbKQsUDRqTX0oqx7AttUBuqe3h20ixsE039QHelbL6P4h+9kytVqyEtyZ6gsiwEYw=="
        }
      }
    },
    "meteor-node-stubs": {
      "version": "1.1.0",
      "resolved": "https://registry.npmjs.org/meteor-node-stubs/-/meteor-node-stubs-1.1.0.tgz",
      "integrity": "sha512-YvMQb4zcfWA82wFdRVTyxq28GO+Us7GSdtP+bTtC/mV35yipKnWo4W4665O57AmLVFnz4zR+WIZW11b4sfCtJw==",
      "requires": {
        "assert": "^2.0.0",
        "browserify-zlib": "^0.2.0",
        "buffer": "^6.0.3",
        "console-browserify": "^1.2.0",
        "constants-browserify": "^1.0.0",
        "crypto-browserify": "^3.12.0",
        "domain-browser": "^4.19.0",
        "elliptic": "^6.5.4",
        "events": "^3.3.0",
        "https-browserify": "^1.0.0",
        "os-browserify": "^0.3.0",
        "path-browserify": "^1.0.0",
        "process": "^0.11.10",
        "punycode": "^2.1.1",
        "querystring-es3": "^0.2.1",
        "readable-stream": "^3.6.0",
        "stream-browserify": "^3.0.0",
        "stream-http": "^3.2.0",
        "string_decoder": "^1.3.0",
        "timers-browserify": "^2.0.12",
        "tty-browserify": "0.0.1",
        "url": "^0.11.0",
        "util": "^0.12.4",
        "vm-browserify": "^1.1.2"
      },
      "dependencies": {
        "asn1.js": {
          "version": "5.4.1",
          "bundled": true,
          "requires": {
            "bn.js": "^4.0.0",
            "inherits": "^2.0.1",
            "minimalistic-assert": "^1.0.0",
            "safer-buffer": "^2.1.0"
          },
          "dependencies": {
            "bn.js": {
              "version": "4.12.0",
              "bundled": true
            }
          }
        },
        "assert": {
          "version": "2.0.0",
          "bundled": true,
          "requires": {
            "es6-object-assign": "^1.1.0",
            "is-nan": "^1.2.1",
            "object-is": "^1.0.1",
            "util": "^0.12.0"
          }
        },
        "available-typed-arrays": {
          "version": "1.0.4",
          "bundled": true
        },
        "base64-js": {
          "version": "1.5.1",
          "bundled": true
        },
        "bn.js": {
          "version": "5.2.0",
          "bundled": true
        },
        "brorand": {
          "version": "1.1.0",
          "bundled": true
        },
        "browserify-aes": {
          "version": "1.2.0",
          "bundled": true,
          "requires": {
            "buffer-xor": "^1.0.3",
            "cipher-base": "^1.0.0",
            "create-hash": "^1.1.0",
            "evp_bytestokey": "^1.0.3",
            "inherits": "^2.0.1",
            "safe-buffer": "^5.0.1"
          }
        },
        "browserify-cipher": {
          "version": "1.0.1",
          "bundled": true,
          "requires": {
            "browserify-aes": "^1.0.4",
            "browserify-des": "^1.0.0",
            "evp_bytestokey": "^1.0.0"
          }
        },
        "browserify-des": {
          "version": "1.0.2",
          "bundled": true,
          "requires": {
            "cipher-base": "^1.0.1",
            "des.js": "^1.0.0",
            "inherits": "^2.0.1",
            "safe-buffer": "^5.1.2"
          }
        },
        "browserify-rsa": {
          "version": "4.1.0",
          "bundled": true,
          "requires": {
            "bn.js": "^5.0.0",
            "randombytes": "^2.0.1"
          }
        },
        "browserify-sign": {
          "version": "4.2.1",
          "bundled": true,
          "requires": {
            "bn.js": "^5.1.1",
            "browserify-rsa": "^4.0.1",
            "create-hash": "^1.2.0",
            "create-hmac": "^1.1.7",
            "elliptic": "^6.5.3",
            "inherits": "^2.0.4",
            "parse-asn1": "^5.1.5",
            "readable-stream": "^3.6.0",
            "safe-buffer": "^5.2.0"
          }
        },
        "browserify-zlib": {
          "version": "0.2.0",
          "bundled": true,
          "requires": {
            "pako": "~1.0.5"
          }
        },
        "buffer": {
          "version": "6.0.3",
          "bundled": true,
          "requires": {
            "base64-js": "^1.3.1",
            "ieee754": "^1.2.1"
          }
        },
        "buffer-xor": {
          "version": "1.0.3",
          "bundled": true
        },
        "builtin-status-codes": {
          "version": "3.0.0",
          "bundled": true
        },
        "call-bind": {
          "version": "1.0.2",
          "bundled": true,
          "requires": {
            "function-bind": "^1.1.1",
            "get-intrinsic": "^1.0.2"
          }
        },
        "cipher-base": {
          "version": "1.0.4",
          "bundled": true,
          "requires": {
            "inherits": "^2.0.1",
            "safe-buffer": "^5.0.1"
          }
        },
        "console-browserify": {
          "version": "1.2.0",
          "bundled": true
        },
        "constants-browserify": {
          "version": "1.0.0",
          "bundled": true
        },
        "create-ecdh": {
          "version": "4.0.4",
          "bundled": true,
          "requires": {
            "bn.js": "^4.1.0",
            "elliptic": "^6.5.3"
          },
          "dependencies": {
            "bn.js": {
              "version": "4.12.0",
              "bundled": true
            }
          }
        },
        "create-hash": {
          "version": "1.2.0",
          "bundled": true,
          "requires": {
            "cipher-base": "^1.0.1",
            "inherits": "^2.0.1",
            "md5.js": "^1.3.4",
            "ripemd160": "^2.0.1",
            "sha.js": "^2.4.0"
          }
        },
        "create-hmac": {
          "version": "1.1.7",
          "bundled": true,
          "requires": {
            "cipher-base": "^1.0.3",
            "create-hash": "^1.1.0",
            "inherits": "^2.0.1",
            "ripemd160": "^2.0.0",
            "safe-buffer": "^5.0.1",
            "sha.js": "^2.4.8"
          }
        },
        "crypto-browserify": {
          "version": "3.12.0",
          "bundled": true,
          "requires": {
            "browserify-cipher": "^1.0.0",
            "browserify-sign": "^4.0.0",
            "create-ecdh": "^4.0.0",
            "create-hash": "^1.1.0",
            "create-hmac": "^1.1.0",
            "diffie-hellman": "^5.0.0",
            "inherits": "^2.0.1",
            "pbkdf2": "^3.0.3",
            "public-encrypt": "^4.0.0",
            "randombytes": "^2.0.0",
            "randomfill": "^1.0.3"
          }
        },
        "define-properties": {
          "version": "1.1.3",
          "bundled": true,
          "requires": {
            "object-keys": "^1.0.12"
          }
        },
        "des.js": {
          "version": "1.0.1",
          "bundled": true,
          "requires": {
            "inherits": "^2.0.1",
            "minimalistic-assert": "^1.0.0"
          }
        },
        "diffie-hellman": {
          "version": "5.0.3",
          "bundled": true,
          "requires": {
            "bn.js": "^4.1.0",
            "miller-rabin": "^4.0.0",
            "randombytes": "^2.0.0"
          },
          "dependencies": {
            "bn.js": {
              "version": "4.12.0",
              "bundled": true
            }
          }
        },
        "domain-browser": {
          "version": "4.19.0",
          "bundled": true
        },
        "elliptic": {
          "version": "6.5.4",
          "bundled": true,
          "requires": {
            "bn.js": "^4.11.9",
            "brorand": "^1.1.0",
            "hash.js": "^1.0.0",
            "hmac-drbg": "^1.0.1",
            "inherits": "^2.0.4",
            "minimalistic-assert": "^1.0.1",
            "minimalistic-crypto-utils": "^1.0.1"
          },
          "dependencies": {
            "bn.js": {
              "version": "4.12.0",
              "bundled": true
            }
          }
        },
        "es-abstract": {
          "version": "1.18.3",
          "bundled": true,
          "requires": {
            "call-bind": "^1.0.2",
            "es-to-primitive": "^1.2.1",
            "function-bind": "^1.1.1",
            "get-intrinsic": "^1.1.1",
            "has": "^1.0.3",
            "has-symbols": "^1.0.2",
            "is-callable": "^1.2.3",
            "is-negative-zero": "^2.0.1",
            "is-regex": "^1.1.3",
            "is-string": "^1.0.6",
            "object-inspect": "^1.10.3",
            "object-keys": "^1.1.1",
            "object.assign": "^4.1.2",
            "string.prototype.trimend": "^1.0.4",
            "string.prototype.trimstart": "^1.0.4",
            "unbox-primitive": "^1.0.1"
          }
        },
        "es-to-primitive": {
          "version": "1.2.1",
          "bundled": true,
          "requires": {
            "is-callable": "^1.1.4",
            "is-date-object": "^1.0.1",
            "is-symbol": "^1.0.2"
          }
        },
        "es6-object-assign": {
          "version": "1.1.0",
          "bundled": true
        },
        "events": {
          "version": "3.3.0",
          "bundled": true
        },
        "evp_bytestokey": {
          "version": "1.0.3",
          "bundled": true,
          "requires": {
            "md5.js": "^1.3.4",
            "safe-buffer": "^5.1.1"
          }
        },
        "foreach": {
          "version": "2.0.5",
          "bundled": true
        },
        "function-bind": {
          "version": "1.1.1",
          "bundled": true
        },
        "get-intrinsic": {
          "version": "1.1.1",
          "bundled": true,
          "requires": {
            "function-bind": "^1.1.1",
            "has": "^1.0.3",
            "has-symbols": "^1.0.1"
          }
        },
        "has": {
          "version": "1.0.3",
          "bundled": true,
          "requires": {
            "function-bind": "^1.1.1"
          }
        },
        "has-bigints": {
          "version": "1.0.1",
          "bundled": true
        },
        "has-symbols": {
          "version": "1.0.2",
          "bundled": true
        },
        "hash-base": {
          "version": "3.1.0",
          "bundled": true,
          "requires": {
            "inherits": "^2.0.4",
            "readable-stream": "^3.6.0",
            "safe-buffer": "^5.2.0"
          }
        },
        "hash.js": {
          "version": "1.1.7",
          "bundled": true,
          "requires": {
            "inherits": "^2.0.3",
            "minimalistic-assert": "^1.0.1"
          }
        },
        "hmac-drbg": {
          "version": "1.0.1",
          "bundled": true,
          "requires": {
            "hash.js": "^1.0.3",
            "minimalistic-assert": "^1.0.0",
            "minimalistic-crypto-utils": "^1.0.1"
          }
        },
        "https-browserify": {
          "version": "1.0.0",
          "bundled": true
        },
        "ieee754": {
          "version": "1.2.1",
          "bundled": true
        },
        "inherits": {
          "version": "2.0.4",
          "bundled": true
        },
        "is-arguments": {
          "version": "1.1.0",
          "bundled": true,
          "requires": {
            "call-bind": "^1.0.0"
          }
        },
        "is-bigint": {
          "version": "1.0.2",
          "bundled": true
        },
        "is-boolean-object": {
          "version": "1.1.1",
          "bundled": true,
          "requires": {
            "call-bind": "^1.0.2"
          }
        },
        "is-callable": {
          "version": "1.2.3",
          "bundled": true
        },
        "is-date-object": {
          "version": "1.0.4",
          "bundled": true
        },
        "is-generator-function": {
          "version": "1.0.9",
          "bundled": true
        },
        "is-nan": {
          "version": "1.3.2",
          "bundled": true,
          "requires": {
            "call-bind": "^1.0.0",
            "define-properties": "^1.1.3"
          }
        },
        "is-negative-zero": {
          "version": "2.0.1",
          "bundled": true
        },
        "is-number-object": {
          "version": "1.0.5",
          "bundled": true
        },
        "is-regex": {
          "version": "1.1.3",
          "bundled": true,
          "requires": {
            "call-bind": "^1.0.2",
            "has-symbols": "^1.0.2"
          }
        },
        "is-string": {
          "version": "1.0.6",
          "bundled": true
        },
        "is-symbol": {
          "version": "1.0.4",
          "bundled": true,
          "requires": {
            "has-symbols": "^1.0.2"
          }
        },
        "is-typed-array": {
          "version": "1.1.5",
          "bundled": true,
          "requires": {
            "available-typed-arrays": "^1.0.2",
            "call-bind": "^1.0.2",
            "es-abstract": "^1.18.0-next.2",
            "foreach": "^2.0.5",
            "has-symbols": "^1.0.1"
          }
        },
        "md5.js": {
          "version": "1.3.5",
          "bundled": true,
          "requires": {
            "hash-base": "^3.0.0",
            "inherits": "^2.0.1",
            "safe-buffer": "^5.1.2"
          }
        },
        "miller-rabin": {
          "version": "4.0.1",
          "bundled": true,
          "requires": {
            "bn.js": "^4.0.0",
            "brorand": "^1.0.1"
          },
          "dependencies": {
            "bn.js": {
              "version": "4.12.0",
              "bundled": true
            }
          }
        },
        "minimalistic-assert": {
          "version": "1.0.1",
          "bundled": true
        },
        "minimalistic-crypto-utils": {
          "version": "1.0.1",
          "bundled": true
        },
        "object-inspect": {
          "version": "1.10.3",
          "bundled": true
        },
        "object-is": {
          "version": "1.1.5",
          "bundled": true,
          "requires": {
            "call-bind": "^1.0.2",
            "define-properties": "^1.1.3"
          }
        },
        "object-keys": {
          "version": "1.1.1",
          "bundled": true
        },
        "object.assign": {
          "version": "4.1.2",
          "bundled": true,
          "requires": {
            "call-bind": "^1.0.0",
            "define-properties": "^1.1.3",
            "has-symbols": "^1.0.1",
            "object-keys": "^1.1.1"
          }
        },
        "os-browserify": {
          "version": "0.3.0",
          "bundled": true
        },
        "pako": {
          "version": "1.0.11",
          "bundled": true
        },
        "parse-asn1": {
          "version": "5.1.6",
          "bundled": true,
          "requires": {
            "asn1.js": "^5.2.0",
            "browserify-aes": "^1.0.0",
            "evp_bytestokey": "^1.0.0",
            "pbkdf2": "^3.0.3",
            "safe-buffer": "^5.1.1"
          }
        },
        "path-browserify": {
          "version": "1.0.1",
          "bundled": true
        },
        "pbkdf2": {
          "version": "3.1.2",
          "bundled": true,
          "requires": {
            "create-hash": "^1.1.2",
            "create-hmac": "^1.1.4",
            "ripemd160": "^2.0.1",
            "safe-buffer": "^5.0.1",
            "sha.js": "^2.4.8"
          }
        },
        "process": {
          "version": "0.11.10",
          "bundled": true
        },
        "public-encrypt": {
          "version": "4.0.3",
          "bundled": true,
          "requires": {
            "bn.js": "^4.1.0",
            "browserify-rsa": "^4.0.0",
            "create-hash": "^1.1.0",
            "parse-asn1": "^5.0.0",
            "randombytes": "^2.0.1",
            "safe-buffer": "^5.1.2"
          },
          "dependencies": {
            "bn.js": {
              "version": "4.12.0",
              "bundled": true
            }
          }
        },
        "punycode": {
          "version": "2.1.1",
          "bundled": true
        },
        "querystring": {
          "version": "0.2.0",
          "bundled": true
        },
        "querystring-es3": {
          "version": "0.2.1",
          "bundled": true
        },
        "randombytes": {
          "version": "2.1.0",
          "bundled": true,
          "requires": {
            "safe-buffer": "^5.1.0"
          }
        },
        "randomfill": {
          "version": "1.0.4",
          "bundled": true,
          "requires": {
            "randombytes": "^2.0.5",
            "safe-buffer": "^5.1.0"
          }
        },
        "readable-stream": {
          "version": "3.6.0",
          "bundled": true,
          "requires": {
            "inherits": "^2.0.3",
            "string_decoder": "^1.1.1",
            "util-deprecate": "^1.0.1"
          }
        },
        "ripemd160": {
          "version": "2.0.2",
          "bundled": true,
          "requires": {
            "hash-base": "^3.0.0",
            "inherits": "^2.0.1"
          }
        },
        "safe-buffer": {
          "version": "5.2.1",
          "bundled": true
        },
        "safer-buffer": {
          "version": "2.1.2",
          "bundled": true
        },
        "setimmediate": {
          "version": "1.0.5",
          "bundled": true
        },
        "sha.js": {
          "version": "2.4.11",
          "bundled": true,
          "requires": {
            "inherits": "^2.0.1",
            "safe-buffer": "^5.0.1"
          }
        },
        "stream-browserify": {
          "version": "3.0.0",
          "bundled": true,
          "requires": {
            "inherits": "~2.0.4",
            "readable-stream": "^3.5.0"
          }
        },
        "stream-http": {
          "version": "3.2.0",
          "bundled": true,
          "requires": {
            "builtin-status-codes": "^3.0.0",
            "inherits": "^2.0.4",
            "readable-stream": "^3.6.0",
            "xtend": "^4.0.2"
          }
        },
        "string.prototype.trimend": {
          "version": "1.0.4",
          "bundled": true,
          "requires": {
            "call-bind": "^1.0.2",
            "define-properties": "^1.1.3"
          }
        },
        "string.prototype.trimstart": {
          "version": "1.0.4",
          "bundled": true,
          "requires": {
            "call-bind": "^1.0.2",
            "define-properties": "^1.1.3"
          }
        },
        "string_decoder": {
          "version": "1.3.0",
          "bundled": true,
          "requires": {
            "safe-buffer": "~5.2.0"
          }
        },
        "timers-browserify": {
          "version": "2.0.12",
          "bundled": true,
          "requires": {
            "setimmediate": "^1.0.4"
          }
        },
        "tty-browserify": {
          "version": "0.0.1",
          "bundled": true
        },
        "unbox-primitive": {
          "version": "1.0.1",
          "bundled": true,
          "requires": {
            "function-bind": "^1.1.1",
            "has-bigints": "^1.0.1",
            "has-symbols": "^1.0.2",
            "which-boxed-primitive": "^1.0.2"
          }
        },
        "url": {
          "version": "0.11.0",
          "bundled": true,
          "requires": {
            "punycode": "1.3.2",
            "querystring": "0.2.0"
          },
          "dependencies": {
            "punycode": {
              "version": "1.3.2",
              "bundled": true
            }
          }
        },
        "util": {
          "version": "0.12.4",
          "bundled": true,
          "requires": {
            "inherits": "^2.0.3",
            "is-arguments": "^1.0.4",
            "is-generator-function": "^1.0.7",
            "is-typed-array": "^1.1.3",
            "safe-buffer": "^5.1.2",
            "which-typed-array": "^1.1.2"
          }
        },
        "util-deprecate": {
          "version": "1.0.2",
          "bundled": true
        },
        "vm-browserify": {
          "version": "1.1.2",
          "bundled": true
        },
        "which-boxed-primitive": {
          "version": "1.0.2",
          "bundled": true,
          "requires": {
            "is-bigint": "^1.0.1",
            "is-boolean-object": "^1.1.0",
            "is-number-object": "^1.0.4",
            "is-string": "^1.0.5",
            "is-symbol": "^1.0.3"
          }
        },
        "which-typed-array": {
          "version": "1.1.4",
          "bundled": true,
          "requires": {
            "available-typed-arrays": "^1.0.2",
            "call-bind": "^1.0.0",
            "es-abstract": "^1.18.0-next.1",
            "foreach": "^2.0.5",
            "function-bind": "^1.1.1",
            "has-symbols": "^1.0.1",
            "is-typed-array": "^1.1.3"
          }
        },
        "xtend": {
          "version": "4.0.2",
          "bundled": true
        }
      }
    },
    "minimongo": {
      "version": "6.11.3",
      "resolved": "https://registry.npmjs.org/minimongo/-/minimongo-6.11.3.tgz",
      "integrity": "sha512-K5P2E+9FfgQZ0BQdn9a02HWjeVlTK4S2IrGGg87bvalAxXSm4PBH6vVdVFNgEPIEdmDRr/CmzbWHFJ42vkbkkg==",
      "requires": {
        "@turf/boolean-crosses": "^6.0.1",
        "@turf/boolean-point-in-polygon": "^6.0.1",
        "@turf/boolean-within": "^6.0.1",
        "@turf/intersect": "^6.1.3",
        "async": "^1.4.2",
        "bowser": "^0.7.1",
        "idb-wrapper": "^1.4.1",
        "jquery": "^3.6.0",
        "js-sha1": "^0.6.0",
        "lodash": "^4.0.0"
      }
    },
    "monaco-editor": {
      "version": "0.17.1",
      "resolved": "https://registry.npmjs.org/monaco-editor/-/monaco-editor-0.17.1.tgz",
      "integrity": "sha512-JAc0mtW7NeO+0SwPRcdkfDbWLgkqL9WfP1NbpP9wNASsW6oWqgZqNIWt4teymGjZIXTElx3dnQmUYHmVrJ7HxA=="
    },
    "monaco-markdown": {
      "version": "0.0.11",
      "resolved": "https://registry.npmjs.org/monaco-markdown/-/monaco-markdown-0.0.11.tgz",
      "integrity": "sha512-im0KUd2LXS95q0p5nc91jMk7CsWjWreNkboyogJ0y6KAYj6EnmC5cd2Gc2CwKlTJfm+4MrFvNcVt4CLICaV7Sw==",
      "requires": {
        "monaco-editor": "^0.17.1",
        "string-similarity": "^3.0.0"
      }
    },
    "nanoid": {
      "version": "3.1.30",
      "resolved": "https://registry.npmjs.org/nanoid/-/nanoid-3.1.30.tgz",
      "integrity": "sha512-zJpuPDwOv8D2zq2WRoMe1HsfZthVewpel9CAvTfc/2mBD1uUT/agc5f7GHGWXlYkFvi1mVxe4IjvP2HNrop7nQ=="
    },
    "normalize-wheel": {
      "version": "1.0.1",
      "resolved": "https://registry.npmjs.org/normalize-wheel/-/normalize-wheel-1.0.1.tgz",
      "integrity": "sha1-rsiGr/2wRQcNhWRH32Ls+GFG7EU="
    },
    "object-assign": {
      "version": "4.1.1",
      "resolved": "https://registry.npmjs.org/object-assign/-/object-assign-4.1.1.tgz",
      "integrity": "sha1-IQmtx5ZYh8/AXLvUQsrIv7s2CGM="
    },
    "polygon-clipping": {
      "version": "0.15.3",
      "resolved": "https://registry.npmjs.org/polygon-clipping/-/polygon-clipping-0.15.3.tgz",
      "integrity": "sha512-ho0Xx5DLkgxRx/+n4O74XyJ67DcyN3Tu9bGYKsnTukGAW6ssnuak6Mwcyb1wHy9MZc9xsUWqIoiazkZB5weECg==",
      "requires": {
        "splaytree": "^3.1.0"
      }
    },
    "quickselect": {
      "version": "2.0.0",
      "resolved": "https://registry.npmjs.org/quickselect/-/quickselect-2.0.0.tgz",
      "integrity": "sha512-RKJ22hX8mHe3Y6wH/N3wCM6BWtjaxIyyUIkpHOvfFnxdI4yD4tBXEBKSbriGujF6jnSVkJrffuo6vxACiSSxIw=="
    },
    "rbush": {
      "version": "3.0.1",
      "resolved": "https://registry.npmjs.org/rbush/-/rbush-3.0.1.tgz",
      "integrity": "sha512-XRaVO0YecOpEuIvbhbpTrZgoiI6xBlz6hnlr6EHhd+0x9ase6EmeN+hdwwUaJvLcsFFQ8iWVF1GAK1yB0BWi0w==",
      "requires": {
        "quickselect": "^2.0.0"
      }
    },
    "regenerator-runtime": {
      "version": "0.13.9",
      "resolved": "https://registry.npmjs.org/regenerator-runtime/-/regenerator-runtime-0.13.9.tgz",
      "integrity": "sha512-p3VT+cOEgxFsRRA9X4lkI1E+k2/CtnKtU4gcxyaCUreilL/vqI6CdZ3wxVUx3UOUg+gnUOQQcRI7BmSI656MYA=="
    },
    "resize-observer-polyfill": {
      "version": "1.5.1",
      "resolved": "https://registry.npmjs.org/resize-observer-polyfill/-/resize-observer-polyfill-1.5.1.tgz",
      "integrity": "sha512-LwZrotdHOo12nQuZlHEmtuXdqGoOD0OhaxopaNFxWzInpEgaLWoVuAMbTzixuosCx2nEG58ngzW3vxdWoxIgdg=="
    },
    "select": {
      "version": "1.1.2",
      "resolved": "https://registry.npmjs.org/select/-/select-1.1.2.tgz",
      "integrity": "sha1-DnNQrN7ICxEIUoeG7B1EGNEbOW0="
    },
    "splaytree": {
      "version": "3.1.0",
      "resolved": "https://registry.npmjs.org/splaytree/-/splaytree-3.1.0.tgz",
      "integrity": "sha512-gvUGR7xnOy0fLKTCxDeUZYgU/I1Tdf8M/lM1Qrf8L2TIOR5ipZjGk02uYcdv0o2x7WjVRgpm3iS2clLyuVAt0Q=="
    },
    "string-similarity": {
      "version": "3.0.0",
      "resolved": "https://registry.npmjs.org/string-similarity/-/string-similarity-3.0.0.tgz",
      "integrity": "sha512-7kS7LyTp56OqOI2BDWQNVnLX/rCxIQn+/5M0op1WV6P8Xx6TZNdajpuqQdiJ7Xx+p1C5CsWMvdiBp9ApMhxzEQ=="
    },
    "throttle-debounce": {
      "version": "1.1.0",
      "resolved": "https://registry.npmjs.org/throttle-debounce/-/throttle-debounce-1.1.0.tgz",
      "integrity": "sha512-XH8UiPCQcWNuk2LYePibW/4qL97+ZQ1AN3FNXwZRBNPPowo/NRU5fAlDCSNBJIYCKbioZfuYtMhG4quqoJhVzg=="
    },
    "tiny-emitter": {
      "version": "2.1.0",
      "resolved": "https://registry.npmjs.org/tiny-emitter/-/tiny-emitter-2.1.0.tgz",
      "integrity": "sha512-NB6Dk1A9xgQPMoGqC5CVXn123gWyte215ONT5Pp5a0yt4nlEoO1ZWeCwpncaekPHXO60i47ihFnZPiRPjRMq4Q=="
    },
    "ts-dedent": {
      "version": "2.2.0",
      "resolved": "https://registry.npmjs.org/ts-dedent/-/ts-dedent-2.2.0.tgz",
      "integrity": "sha512-q5W7tVM71e2xjHZTlgfTDoPF/SmqKG5hddq9SzR49CH2hayqRKJtQ4mtRlSxKaJlR/+9rEM+mnBHf7I2/BQcpQ=="
    },
    "vue": {
      "version": "2.6.14",
      "resolved": "https://registry.npmjs.org/vue/-/vue-2.6.14.tgz",
      "integrity": "sha512-x2284lgYvjOMj3Za7kqzRcUSxBboHqtgRE2zlos1qWaOye5yUmHn42LB1250NJBLRwEcdrB0JRwyPTEPhfQjiQ=="
    },
    "vue-croppa": {
      "version": "1.3.8",
      "resolved": "https://registry.npmjs.org/vue-croppa/-/vue-croppa-1.3.8.tgz",
      "integrity": "sha512-WwYgEKscTCD7BzhnbfRJfzWIU6RcMq2JRimB3aI5gGzpADmpKuqmDh9+oVfiZaEnpmRthgXZxcAvbxU6CeIU9w==",
      "requires": {
        "canvas-exif-orientation": "^0.4.0",
        "object-assign": "^4.1.1"
      }
    },
    "vue-json-pretty": {
      "version": "1.8.2",
      "resolved": "https://registry.npmjs.org/vue-json-pretty/-/vue-json-pretty-1.8.2.tgz",
      "integrity": "sha512-8DbgvyXpBrhDdBzz8RTe+POZ+HI6nSa33DqsPMWhMkv0u0ATklgxErUM3XRRvTzOQ/02Sh1LNWJ/rkqTow2rbA=="
    },
    "vue-meteor-tracker": {
      "version": "2.0.0-beta.5",
      "resolved": "https://registry.npmjs.org/vue-meteor-tracker/-/vue-meteor-tracker-2.0.0-beta.5.tgz",
      "integrity": "sha512-egEEqAeKoy7moc4mdb/yM4+UDxk7yOAiIAW8gFz8umtAEYr7Ll8B1wLC0gtoY4IDUU8bCo0UzQjWvfXDMfl7YA==",
      "requires": {
        "lodash.omit": "^4.5.0"
      }
    },
    "vue-router": {
      "version": "3.5.3",
      "resolved": "https://registry.npmjs.org/vue-router/-/vue-router-3.5.3.tgz",
      "integrity": "sha512-FUlILrW3DGitS2h+Xaw8aRNvGTwtuaxrRkNSHWTizOfLUie7wuYwezeZ50iflRn8YPV5kxmU2LQuu3nM/b3Zsg=="
    },
    "vuex": {
      "version": "3.6.2",
      "resolved": "https://registry.npmjs.org/vuex/-/vuex-3.6.2.tgz",
      "integrity": "sha512-ETW44IqCgBpVomy520DT5jf8n0zoCac+sxWnn+hMe/CzaSejb/eVw2YToiXYX+Ex/AuHHia28vWTq4goAexFbw=="
    }
  }
}
